
Microsoft Visual Studio Solution File, Format Version 12.00
# Visual Studio Version 17
VisualStudioVersion = 17.3.32929.385
MinimumVisualStudioVersion = 10.0.40219.1
Project("{9A19103F-16F7-4668-BE54-9A1E7A4F7556}") = "AuthProject", "AuthProject.csproj", "{F2A52CA6-A717-4AAF-8FB1-7CB99B4F6696}"
EndProject
Project("{9A19103F-16F7-4668-BE54-9A1E7A4F7556}") = "Tests", "..\Tests\Tests.csproj", "{F83D9F88-4375-4DBD-AA7D-59C9FF33AA51}"
EndProject
Global
	GlobalSection(SolutionConfigurationPlatforms) = preSolution
		Debug|Any CPU = Debug|Any CPU
		Release|Any CPU = Release|Any CPU
	EndGlobalSection
	GlobalSection(ProjectConfigurationPlatforms) = postSolution
		{F2A52CA6-A717-4AAF-8FB1-7CB99B4F6696}.Debug|Any CPU.ActiveCfg = Debug|Any CPU
		{F2A52CA6-A717-4AAF-8FB1-7CB99B4F6696}.Debug|Any CPU.Build.0 = Debug|Any CPU
		{F2A52CA6-A717-4AAF-8FB1-7CB99B4F6696}.Release|Any CPU.ActiveCfg = Release|Any CPU
		{F2A52CA6-A717-4AAF-8FB1-7CB99B4F6696}.Release|Any CPU.Build.0 = Release|Any CPU
		{F83D9F88-4375-4DBD-AA7D-59C9FF33AA51}.Debug|Any CPU.ActiveCfg = Debug|Any CPU
		{F83D9F88-4375-4DBD-AA7D-59C9FF33AA51}.Debug|Any CPU.Build.0 = Debug|Any CPU
		{F83D9F88-4375-4DBD-AA7D-59C9FF33AA51}.Release|Any CPU.ActiveCfg = Release|Any CPU
		{F83D9F88-4375-4DBD-AA7D-59C9FF33AA51}.Release|Any CPU.Build.0 = Release|Any CPU
	EndGlobalSection
	GlobalSection(SolutionProperties) = preSolution
		HideSolutionNode = FALSE
	EndGlobalSection
	GlobalSection(ExtensibilityGlobals) = postSolution
		SolutionGuid = {55DA8EA2-A900-40BD-BF7D-02E2E0E07BDE}
	EndGlobalSection
EndGlobal
